
Microsoft Visual Studio Solution File, Format Version 12.00
# Visual Studio Version 17
VisualStudioVersion = 17.3.32819.101
MinimumVisualStudioVersion = 10.0.40219.1
Project("{FAE04EC0-301F-11D3-BF4B-00C04F79EFBC}") = "Wiki-Prototype-ListClass", "Wiki-Prototype-ListClass.csproj", "{06D40529-3E89-474C-AD37-0A4FC925BA8B}"
EndProject
Global
	GlobalSection(SolutionConfigurationPlatforms) = preSolution
		Debug|Any CPU = Debug|Any CPU
		Release|Any CPU = Release|Any CPU
	EndGlobalSection
	GlobalSection(ProjectConfigurationPlatforms) = postSolution
		{06D40529-3E89-474C-AD37-0A4FC925BA8B}.Debug|Any CPU.ActiveCfg = Debug|Any CPU
		{06D40529-3E89-474C-AD37-0A4FC925BA8B}.Debug|Any CPU.Build.0 = Debug|Any CPU
		{06D40529-3E89-474C-AD37-0A4FC925BA8B}.Release|Any CPU.ActiveCfg = Release|Any CPU
		{06D40529-3E89-474C-AD37-0A4FC925BA8B}.Release|Any CPU.Build.0 = Release|Any CPU
	EndGlobalSection
	GlobalSection(SolutionProperties) = preSolution
		HideSolutionNode = FALSE
	EndGlobalSection
	GlobalSection(ExtensibilityGlobals) = postSolution
		SolutionGuid = {A28570D9-828B-442B-BAE7-9807D5F13AF6}
	EndGlobalSection
EndGlobal
